# This file is autogenerated, do not edit; changes may be undone by the next 'dep ensure'.


[[projects]]
  digest = "1:1ba36a065708f92dece8a65c26e8ba3c09229104e1b0ea8327c6502755cb1ed4"
  name = "github.com/Luzifer/mondash"
  packages = ["client"]
  pruneopts = "NUT"
  revision = "54340f1540f9a9e56122cc0e5f2ffc57fa59526c"
  version = "v2.0.1"

[[projects]]
  digest = "1:f6cc072a289a686fda22819d871cd1b0407640141b2f6616dfbab957c96bf6c3"
  name = "github.com/Luzifer/rconfig"
  packages = ["."]
  pruneopts = "NUT"
  revision = "d38bbb45e0ac240398f2af710a6b21833954f006"
  version = "v2.2.1"

[[projects]]
  digest = "1:974a3957354622ffb7b0b345374322f782800a8e4c4517022fce77ef796249c5"
  name = "github.com/gosimple/slug"
  packages = ["."]
  pruneopts = "NUT"
  revision = "e78d39397ba41d2c33d9615044ef93eca8a309d8"
  version = "v1.5.0"

[[projects]]
  digest = "1:58999a98719fddbac6303cb17e8d85b945f60b72f48e3a2df6b950b97fa926f1"
  name = "github.com/konsorten/go-windows-terminal-sequences"
  packages = ["."]
  pruneopts = "NUT"
  revision = "f55edac94c9bbba5d6182a4be46d86a2c9b5b50e"
  version = "v1.0.2"

[[projects]]
  branch = "master"
  digest = "1:16e2136a67ec44aa2d1d6b0fd65394b3c4a8b2a1b6730c77967f7b7b06b179b2"
  name = "github.com/rainycape/unidecode"
  packages = ["."]
  pruneopts = "NUT"
  revision = "cb7f23ec59bec0d61b19c56cd88cee3d0cc1870c"

[[projects]]
  digest = "1:f4aaa07a6c33f2b354726d0571acbc8ca118837c75709f6353203ae1a3f8eeab"
  name = "github.com/sirupsen/logrus"
  packages = ["."]
  pruneopts = "NUT"
  revision = "839c75faf7f98a33d445d181f3018b5c3409a45e"
  version = "v1.4.2"

[[projects]]
  digest = "1:9d8420bbf131d1618bde6530af37c3799340d3762cc47210c1d9532a4c3a2779"
  name = "github.com/spf13/pflag"
  packages = ["."]
  pruneopts = "NUT"
  revision = "298182f68c66c05229eb03ac171abe6e309ee79a"
  version = "v1.0.3"

[[projects]]
  branch = "master"
  digest = "1:ad23a6be2878ef5a2a1f37e0bd4461a9239ce205ef32192bb07bfe5cfb8dbcf1"
  name = "golang.org/x/sys"
  packages = ["unix"]
  pruneopts = "NUT"
  revision = "dbbf3f1254d491605cf4a0034ce25d0dc71b0c58"

[[projects]]
  branch = "v2"
  digest = "1:1ab6db2d2bd353449c5d1e976ba7a92a0ece6e83aaab3e6674f8f2f1faebb85a"
  name = "gopkg.in/validator.v2"
  packages = ["."]
  pruneopts = "NUT"
  revision = "135c24b11c19e52befcae2ec3fca5d9b78c4e98e"

[[projects]]
  digest = "1:18108594151654e9e696b27b181b953f9a90b16bf14d253dd1b397b025a1487f"
  name = "gopkg.in/yaml.v2"
  packages = ["."]
  pruneopts = "NUT"
  revision = "51d6538a90f86fe93ac480b35f37b2be17fef232"
  version = "v2.2.2"

[solve-meta]
  analyzer-name = "dep"
  analyzer-version = 1
  input-imports = [
    "github.com/Luzifer/mondash/client",
    "github.com/Luzifer/rconfig",
    "github.com/gosimple/slug",
    "github.com/sirupsen/logrus",
  ]
  solver-name = "gps-cdcl"
  solver-version = 1
